
Microsoft Visual Studio Solution File, Format Version 12.00
# Visual Studio Version 17
VisualStudioVersion = 17.14.36221.1 d17.14
MinimumVisualStudioVersion = 10.0.40219.1
Project("{FAE04EC0-301F-11D3-BF4B-00C04F79EFBC}") = "modbus", "modbus\modbus.csproj", "{0F96481D-B182-4606-ABF4-EE5D32AB0086}"
EndProject
Global
	GlobalSection(SolutionConfigurationPlatforms) = preSolution
		Debug|Any CPU = Debug|Any CPU
		Release|Any CPU = Release|Any CPU
	EndGlobalSection
	GlobalSection(ProjectConfigurationPlatforms) = postSolution
		{0F96481D-B182-4606-ABF4-EE5D32AB0086}.Debug|Any CPU.ActiveCfg = Debug|Any CPU
		{0F96481D-B182-4606-ABF4-EE5D32AB0086}.Debug|Any CPU.Build.0 = Debug|Any CPU
		{0F96481D-B182-4606-ABF4-EE5D32AB0086}.Release|Any CPU.ActiveCfg = Release|Any CPU
		{0F96481D-B182-4606-ABF4-EE5D32AB0086}.Release|Any CPU.Build.0 = Release|Any CPU
	EndGlobalSection
	GlobalSection(SolutionProperties) = preSolution
		HideSolutionNode = FALSE
	EndGlobalSection
	GlobalSection(ExtensibilityGlobals) = postSolution
		SolutionGuid = {89136D7C-DC51-4F8A-A6B3-D54E1850F94F}
	EndGlobalSection
EndGlobal
